
Microsoft Visual Studio Solution File, Format Version 12.00
# Visual Studio Version 17
VisualStudioVersion = 17.10.35122.118
MinimumVisualStudioVersion = 10.0.40219.1
Project("{FAE04EC0-301F-11D3-BF4B-00C04F79EFBC}") = "OOP_BakeTrack_Final", "OOP_BakeTrack_Final\OOP_BakeTrack_Final.csproj", "{BE9CAAA7-1BE3-4C09-9F69-8641F0122304}"
EndProject
Global
	GlobalSection(SolutionConfigurationPlatforms) = preSolution
		Debug|Any CPU = Debug|Any CPU
		Release|Any CPU = Release|Any CPU
	EndGlobalSection
	GlobalSection(ProjectConfigurationPlatforms) = postSolution
		{BE9CAAA7-1BE3-4C09-9F69-8641F0122304}.Debug|Any CPU.ActiveCfg = Debug|Any CPU
		{BE9CAAA7-1BE3-4C09-9F69-8641F0122304}.Debug|Any CPU.Build.0 = Debug|Any CPU
		{BE9CAAA7-1BE3-4C09-9F69-8641F0122304}.Release|Any CPU.ActiveCfg = Release|Any CPU
		{BE9CAAA7-1BE3-4C09-9F69-8641F0122304}.Release|Any CPU.Build.0 = Release|Any CPU
	EndGlobalSection
	GlobalSection(SolutionProperties) = preSolution
		HideSolutionNode = FALSE
	EndGlobalSection
	GlobalSection(ExtensibilityGlobals) = postSolution
		SolutionGuid = {912C1FA6-539B-46A0-AEDC-011C290B3882}
	EndGlobalSection
EndGlobal
